Microsoft Visual Studio Solution File, Format Version 12.00
# Visual Studio Version 17
VisualStudioVersion = 17.13.35818.85
MinimumVisualStudioVersion = 10.0.40219.1
Project("{888888A0-9F3D-457C-B088-3A5042F75D52}") = "OrbitMaster", "OrbitMaster.pyproj", "{BADB7A56-2EBF-4DC1-9F89-B3426B05A716}"
EndProject
Global
	GlobalSection(SolutionConfigurationPlatforms) = preSolution
		Debug|Any CPU = Debug|Any CPU
		Release|Any CPU = Release|Any CPU
	EndGlobalSection
	GlobalSection(ProjectConfigurationPlatforms) = postSolution
		{BADB7A56-2EBF-4DC1-9F89-B3426B05A716}.Debug|Any CPU.ActiveCfg = Debug|Any CPU
		{BADB7A56-2EBF-4DC1-9F89-B3426B05A716}.Release|Any CPU.ActiveCfg = Release|Any CPU
	EndGlobalSection
	GlobalSection(SolutionProperties) = preSolution
		HideSolutionNode = FALSE
	EndGlobalSection
	GlobalSection(ExtensibilityGlobals) = postSolution
		SolutionGuid = {8EA93DED-BDCC-4AAD-A090-BF6EDFC99B16}
	EndGlobalSection
EndGlobal
